
Microsoft Visual Studio Solution File, Format Version 12.00
# Visual Studio 14
VisualStudioVersion = 14.0.23107.0
MinimumVisualStudioVersion = 10.0.40219.1
Project("{FAE04EC0-301F-11D3-BF4B-00C04F79EFBC}") = "Products.WebApi", "Products.WebApi\Products.WebApi.csproj", "{64F9C556-3F15-441B-8750-963651E24131}"
EndProject
Project("{FAE04EC0-301F-11D3-BF4B-00C04F79EFBC}") = "Products.Core", "..\Products.Core\Products.Core.csproj", "{559F63FF-6E6E-4796-A909-1AC77C356D54}"
EndProject
Global
	GlobalSection(SolutionConfigurationPlatforms) = preSolution
		Debug|Any CPU = Debug|Any CPU
		Release|Any CPU = Release|Any CPU
	EndGlobalSection
	GlobalSection(ProjectConfigurationPlatforms) = postSolution
		{64F9C556-3F15-441B-8750-963651E24131}.Debug|Any CPU.ActiveCfg = Debug|Any CPU
		{64F9C556-3F15-441B-8750-963651E24131}.Debug|Any CPU.Build.0 = Debug|Any CPU
		{64F9C556-3F15-441B-8750-963651E24131}.Release|Any CPU.ActiveCfg = Release|Any CPU
		{64F9C556-3F15-441B-8750-963651E24131}.Release|Any CPU.Build.0 = Release|Any CPU
		{559F63FF-6E6E-4796-A909-1AC77C356D54}.Debug|Any CPU.ActiveCfg = Debug|Any CPU
		{559F63FF-6E6E-4796-A909-1AC77C356D54}.Debug|Any CPU.Build.0 = Debug|Any CPU
		{559F63FF-6E6E-4796-A909-1AC77C356D54}.Release|Any CPU.ActiveCfg = Release|Any CPU
		{559F63FF-6E6E-4796-A909-1AC77C356D54}.Release|Any CPU.Build.0 = Release|Any CPU
	EndGlobalSection
	GlobalSection(SolutionProperties) = preSolution
		HideSolutionNode = FALSE
	EndGlobalSection
EndGlobal
